
Microsoft Visual Studio Solution File, Format Version 12.00
# Visual Studio 15
VisualStudioVersion = 15.0.28010.2026
MinimumVisualStudioVersion = 10.0.40219.1
Project("{FAE04EC0-301F-11D3-BF4B-00C04F79EFBC}") = "TestAndroidApp.Android", "TestAndroidApp\TestAndroidApp.Android\TestAndroidApp.Android.csproj", "{A936EB8F-0C87-4E1D-82E6-E4010B6CF8FB}"
EndProject
Project("{FAE04EC0-301F-11D3-BF4B-00C04F79EFBC}") = "TestAndroidApp.iOS", "TestAndroidApp\TestAndroidApp.iOS\TestAndroidApp.iOS.csproj", "{6A80B4D8-9E58-41F2-B945-E365EC721855}"
EndProject
Project("{FAE04EC0-301F-11D3-BF4B-00C04F79EFBC}") = "TestAndroidApp.UWP", "TestAndroidApp\TestAndroidApp.UWP\TestAndroidApp.UWP.csproj", "{F22E3F15-B2F2-4A18-818B-DFD5F336EBBF}"
EndProject
Project("{FAE04EC0-301F-11D3-BF4B-00C04F79EFBC}") = "TestAndroidApp", "TestAndroidApp\TestAndroidApp\TestAndroidApp.csproj", "{2DBD2E82-9731-4057-B207-9E50DDC9F8A2}"
EndProject
Global
	GlobalSection(SolutionConfigurationPlatforms) = preSolution
		Ad-Hoc|Any CPU = Ad-Hoc|Any CPU
		Ad-Hoc|ARM = Ad-Hoc|ARM
		Ad-Hoc|iPhone = Ad-Hoc|iPhone
		Ad-Hoc|iPhoneSimulator = Ad-Hoc|iPhoneSimulator
		Ad-Hoc|x64 = Ad-Hoc|x64
		Ad-Hoc|x86 = Ad-Hoc|x86
		AppStore|Any CPU = AppStore|Any CPU
		AppStore|ARM = AppStore|ARM
		AppStore|iPhone = AppStore|iPhone
		AppStore|iPhoneSimulator = AppStore|iPhoneSimulator
		AppStore|x64 = AppStore|x64
		AppStore|x86 = AppStore|x86
		Debug|Any CPU = Debug|Any CPU
		Debug|ARM = Debug|ARM
		Debug|iPhone = Debug|iPhone
		Debug|iPhoneSimulator = Debug|iPhoneSimulator
		Debug|x64 = Debug|x64
		Debug|x86 = Debug|x86
		Release|Any CPU = Release|Any CPU
		Release|ARM = Release|ARM
		Release|iPhone = Release|iPhone
		Release|iPhoneSimulator = Release|iPhoneSimulator
		Release|x64 = Release|x64
		Release|x86 = Release|x86
	EndGlobalSection
	GlobalSection(ProjectConfigurationPlatforms) = postSolution
		{A936EB8F-0C87-4E1D-82E6-E4010B6CF8FB}.Ad-Hoc|Any CPU.ActiveCfg = Release|Any CPU
		{A936EB8F-0C87-4E1D-82E6-E4010B6CF8FB}.Ad-Hoc|Any CPU.Build.0 = Release|Any CPU
		{A936EB8F-0C87-4E1D-82E6-E4010B6CF8FB}.Ad-Hoc|Any CPU.Deploy.0 = Release|Any CPU
		{A936EB8F-0C87-4E1D-82E6-E4010B6CF8FB}.Ad-Hoc|ARM.ActiveCfg = Release|Any CPU
		{A936EB8F-0C87-4E1D-82E6-E4010B6CF8FB}.Ad-Hoc|ARM.Build.0 = Release|Any CPU
		{A936EB8F-0C87-4E1D-82E6-E4010B6CF8FB}.Ad-Hoc|ARM.Deploy.0 = Release|Any CPU
		{A936EB8F-0C87-4E1D-82E6-E4010B6CF8FB}.Ad-Hoc|iPhone.ActiveCfg = Release|Any CPU
		{A936EB8F-0C87-4E1D-82E6-E4010B6CF8FB}.Ad-Hoc|iPhone.Build.0 = Release|Any CPU
		{A936EB8F-0C87-4E1D-82E6-E4010B6CF8FB}.Ad-Hoc|iPhone.Deploy.0 = Release|Any CPU
		{A936EB8F-0C87-4E1D-82E6-E4010B6CF8FB}.Ad-Hoc|iPhoneSimulator.ActiveCfg = Release|Any CPU
		{A936EB8F-0C87-4E1D-82E6-E4010B6CF8FB}.Ad-Hoc|iPhoneSimulator.Build.0 = Release|Any CPU
		{A936EB8F-0C87-4E1D-82E6-E4010B6CF8FB}.Ad-Hoc|iPhoneSimulator.Deploy.0 = Release|Any CPU
		{A936EB8F-0C87-4E1D-82E6-E4010B6CF8FB}.Ad-Hoc|x64.ActiveCfg = Release|Any CPU
		{A936EB8F-0C87-4E1D-82E6-E4010B6CF8FB}.Ad-Hoc|x64.Build.0 = Release|Any CPU
		{A936EB8F-0C87-4E1D-82E6-E4010B6CF8FB}.Ad-Hoc|x64.Deploy.0 = Release|Any CPU
		{A936EB8F-0C87-4E1D-82E6-E4010B6CF8FB}.Ad-Hoc|x86.ActiveCfg = Release|Any CPU
		{A936EB8F-0C87-4E1D-82E6-E4010B6CF8FB}.Ad-Hoc|x86.Build.0 = Release|Any CPU
		{A936EB8F-0C87-4E1D-82E6-E4010B6CF8FB}.Ad-Hoc|x86.Deploy.0 = Release|Any CPU
		{A936EB8F-0C87-4E1D-82E6-E4010B6CF8FB}.AppStore|Any CPU.ActiveCfg = Release|Any CPU
		{A936EB8F-0C87-4E1D-82E6-E4010B6CF8FB}.AppStore|Any CPU.Build.0 = Release|Any CPU
		{A936EB8F-0C87-4E1D-82E6-E4010B6CF8FB}.AppStore|Any CPU.Deploy.0 = Release|Any CPU
		{A936EB8F-0C87-4E1D-82E6-E4010B6CF8FB}.AppStore|ARM.ActiveCfg = Release|Any CPU
		{A936EB8F-0C87-4E1D-82E6-E4010B6CF8FB}.AppStore|ARM.Build.0 = Release|Any CPU
		{A936EB8F-0C87-4E1D-82E6-E4010B6CF8FB}.AppStore|ARM.Deploy.0 = Release|Any CPU
		{A936EB8F-0C87-4E1D-82E6-E4010B6CF8FB}.AppStore|iPhone.ActiveCfg = Release|Any CPU
		{A936EB8F-0C87-4E1D-82E6-E4010B6CF8FB}.AppStore|iPhone.Build.0 = Release|Any CPU
		{A936EB8F-0C87-4E1D-82E6-E4010B6CF8FB}.AppStore|iPhone.Deploy.0 = Release|Any CPU
		{A936EB8F-0C87-4E1D-82E6-E4010B6CF8FB}.AppStore|iPhoneSimulator.ActiveCfg = Release|Any CPU
		{A936EB8F-0C87-4E1D-82E6-E4010B6CF8FB}.AppStore|iPhoneSimulator.Build.0 = Release|Any CPU
		{A936EB8F-0C87-4E1D-82E6-E4010B6CF8FB}.AppStore|iPhoneSimulator.Deploy.0 = Release|Any CPU
		{A936EB8F-0C87-4E1D-82E6-E4010B6CF8FB}.AppStore|x64.ActiveCfg = Release|Any CPU
		{A936EB8F-0C87-4E1D-82E6-E4010B6CF8FB}.AppStore|x64.Build.0 = Release|Any CPU
		{A936EB8F-0C87-4E1D-82E6-E4010B6CF8FB}.AppStore|x64.Deploy.0 = Release|Any CPU
		{A936EB8F-0C87-4E1D-82E6-E4010B6CF8FB}.AppStore|x86.ActiveCfg = Release|Any CPU
		{A936EB8F-0C87-4E1D-82E6-E4010B6CF8FB}.AppStore|x86.Build.0 = Release|Any CPU
		{A936EB8F-0C87-4E1D-82E6-E4010B6CF8FB}.AppStore|x86.Deploy.0 = Release|Any CPU
		{A936EB8F-0C87-4E1D-82E6-E4010B6CF8FB}.Debug|Any CPU.ActiveCfg = Debug|Any CPU
		{A936EB8F-0C87-4E1D-82E6-E4010B6CF8FB}.Debug|Any CPU.Build.0 = Debug|Any CPU
		{A936EB8F-0C87-4E1D-82E6-E4010B6CF8FB}.Debug|Any CPU.Deploy.0 = Debug|Any CPU
		{A936EB8F-0C87-4E1D-82E6-E4010B6CF8FB}.Debug|ARM.ActiveCfg = Debug|Any CPU
		{A936EB8F-0C87-4E1D-82E6-E4010B6CF8FB}.Debug|ARM.Build.0 = Debug|Any CPU
		{A936EB8F-0C87-4E1D-82E6-E4010B6CF8FB}.Debug|ARM.Deploy.0 = Debug|Any CPU
		{A936EB8F-0C87-4E1D-82E6-E4010B6CF8FB}.Debug|iPhone.ActiveCfg = Debug|Any CPU
		{A936EB8F-0C87-4E1D-82E6-E4010B6CF8FB}.Debug|iPhone.Build.0 = Debug|Any CPU
		{A936EB8F-0C87-4E1D-82E6-E4010B6CF8FB}.Debug|iPhone.Deploy.0 = Debug|Any CPU
		{A936EB8F-0C87-4E1D-82E6-E4010B6CF8FB}.Debug|iPhoneSimulator.ActiveCfg = Debug|Any CPU
		{A936EB8F-0C87-4E1D-82E6-E4010B6CF8FB}.Debug|iPhoneSimulator.Build.0 = Debug|Any CPU
		{A936EB8F-0C87-4E1D-82E6-E4010B6CF8FB}.Debug|iPhoneSimulator.Deploy.0 = Debug|Any CPU
		{A936EB8F-0C87-4E1D-82E6-E4010B6CF8FB}.Debug|x64.ActiveCfg = Debug|Any CPU
		{A936EB8F-0C87-4E1D-82E6-E4010B6CF8FB}.Debug|x64.Build.0 = Debug|Any CPU
		{A936EB8F-0C87-4E1D-82E6-E4010B6CF8FB}.Debug|x64.Deploy.0 = Debug|Any CPU
		{A936EB8F-0C87-4E1D-82E6-E4010B6CF8FB}.Debug|x86.ActiveCfg = Debug|Any CPU
		{A936EB8F-0C87-4E1D-82E6-E4010B6CF8FB}.Debug|x86.Build.0 = Debug|Any CPU
		{A936EB8F-0C87-4E1D-82E6-E4010B6CF8FB}.Debug|x86.Deploy.0 = Debug|Any CPU
		{A936EB8F-0C87-4E1D-82E6-E4010B6CF8FB}.Release|Any CPU.ActiveCfg = Release|Any CPU
		{A936EB8F-0C87-4E1D-82E6-E4010B6CF8FB}.Release|Any CPU.Build.0 = Release|Any CPU
		{A936EB8F-0C87-4E1D-82E6-E4010B6CF8FB}.Release|Any CPU.Deploy.0 = Release|Any CPU
		{A936EB8F-0C87-4E1D-82E6-E4010B6CF8FB}.Release|ARM.ActiveCfg = Release|Any CPU
		{A936EB8F-0C87-4E1D-82E6-E4010B6CF8FB}.Release|ARM.Build.0 = Release|Any CPU
		{A936EB8F-0C87-4E1D-82E6-E4010B6CF8FB}.Release|ARM.Deploy.0 = Release|Any CPU
		{A936EB8F-0C87-4E1D-82E6-E4010B6CF8FB}.Release|iPhone.ActiveCfg = Release|Any CPU
		{A936EB8F-0C87-4E1D-82E6-E4010B6CF8FB}.Release|iPhone.Build.0 = Release|Any CPU
		{A936EB8F-0C87-4E1D-82E6-E4010B6CF8FB}.Release|iPhone.Deploy.0 = Release|Any CPU
		{A936EB8F-0C87-4E1D-82E6-E4010B6CF8FB}.Release|iPhoneSimulator.ActiveCfg = Release|Any CPU
		{A936EB8F-0C87-4E1D-82E6-E4010B6CF8FB}.Release|iPhoneSimulator.Build.0 = Release|Any CPU
		{A936EB8F-0C87-4E1D-82E6-E4010B6CF8FB}.Release|iPhoneSimulator.Deploy.0 = Release|Any CPU
		{A936EB8F-0C87-4E1D-82E6-E4010B6CF8FB}.Release|x64.ActiveCfg = Release|Any CPU
		{A936EB8F-0C87-4E1D-82E6-E4010B6CF8FB}.Release|x64.Build.0 = Release|Any CPU
		{A936EB8F-0C87-4E1D-82E6-E4010B6CF8FB}.Release|x64.Deploy.0 = Release|Any CPU
		{A936EB8F-0C87-4E1D-82E6-E4010B6CF8FB}.Release|x86.ActiveCfg = Release|Any CPU
		{A936EB8F-0C87-4E1D-82E6-E4010B6CF8FB}.Release|x86.Build.0 = Release|Any CPU
		{A936EB8F-0C87-4E1D-82E6-E4010B6CF8FB}.Release|x86.Deploy.0 = Release|Any CPU
		{6A80B4D8-9E58-41F2-B945-E365EC721855}.Ad-Hoc|Any CPU.ActiveCfg = Ad-Hoc|iPhone
		{6A80B4D8-9E58-41F2-B945-E365EC721855}.Ad-Hoc|Any CPU.Build.0 = Ad-Hoc|iPhone
		{6A80B4D8-9E58-41F2-B945-E365EC721855}.Ad-Hoc|Any CPU.Deploy.0 = Ad-Hoc|iPhone
		{6A80B4D8-9E58-41F2-B945-E365EC721855}.Ad-Hoc|ARM.ActiveCfg = Ad-Hoc|iPhone
		{6A80B4D8-9E58-41F2-B945-E365EC721855}.Ad-Hoc|ARM.Build.0 = Ad-Hoc|iPhone
		{6A80B4D8-9E58-41F2-B945-E365EC721855}.Ad-Hoc|ARM.Deploy.0 = Ad-Hoc|iPhone
		{6A80B4D8-9E58-41F2-B945-E365EC721855}.Ad-Hoc|iPhone.ActiveCfg = Ad-Hoc|iPhone
		{6A80B4D8-9E58-41F2-B945-E365EC721855}.Ad-Hoc|iPhone.Build.0 = Ad-Hoc|iPhone
		{6A80B4D8-9E58-41F2-B945-E365EC721855}.Ad-Hoc|iPhone.Deploy.0 = Ad-Hoc|iPhone
		{6A80B4D8-9E58-41F2-B945-E365EC721855}.Ad-Hoc|iPhoneSimulator.ActiveCfg = Ad-Hoc|iPhoneSimulator
		{6A80B4D8-9E58-41F2-B945-E365EC721855}.Ad-Hoc|iPhoneSimulator.Build.0 = Ad-Hoc|iPhoneSimulator
		{6A80B4D8-9E58-41F2-B945-E365EC721855}.Ad-Hoc|iPhoneSimulator.Deploy.0 = Ad-Hoc|iPhoneSimulator
		{6A80B4D8-9E58-41F2-B945-E365EC721855}.Ad-Hoc|x64.ActiveCfg = Ad-Hoc|iPhone
		{6A80B4D8-9E58-41F2-B945-E365EC721855}.Ad-Hoc|x64.Build.0 = Ad-Hoc|iPhone
		{6A80B4D8-9E58-41F2-B945-E365EC721855}.Ad-Hoc|x64.Deploy.0 = Ad-Hoc|iPhone
		{6A80B4D8-9E58-41F2-B945-E365EC721855}.Ad-Hoc|x86.ActiveCfg = Ad-Hoc|iPhone
		{6A80B4D8-9E58-41F2-B945-E365EC721855}.Ad-Hoc|x86.Build.0 = Ad-Hoc|iPhone
		{6A80B4D8-9E58-41F2-B945-E365EC721855}.Ad-Hoc|x86.Deploy.0 = Ad-Hoc|iPhone
		{6A80B4D8-9E58-41F2-B945-E365EC721855}.AppStore|Any CPU.ActiveCfg = AppStore|iPhone
		{6A80B4D8-9E58-41F2-B945-E365EC721855}.AppStore|Any CPU.Build.0 = AppStore|iPhone
		{6A80B4D8-9E58-41F2-B945-E365EC721855}.AppStore|Any CPU.Deploy.0 = AppStore|iPhone
		{6A80B4D8-9E58-41F2-B945-E365EC721855}.AppStore|ARM.ActiveCfg = AppStore|iPhone
		{6A80B4D8-9E58-41F2-B945-E365EC721855}.AppStore|ARM.Build.0 = AppStore|iPhone
		{6A80B4D8-9E58-41F2-B945-E365EC721855}.AppStore|ARM.Deploy.0 = AppStore|iPhone
		{6A80B4D8-9E58-41F2-B945-E365EC721855}.AppStore|iPhone.ActiveCfg = AppStore|iPhone
		{6A80B4D8-9E58-41F2-B945-E365EC721855}.AppStore|iPhone.Build.0 = AppStore|iPhone
		{6A80B4D8-9E58-41F2-B945-E365EC721855}.AppStore|iPhone.Deploy.0 = AppStore|iPhone
		{6A80B4D8-9E58-41F2-B945-E365EC721855}.AppStore|iPhoneSimulator.ActiveCfg = AppStore|iPhoneSimulator
		{6A80B4D8-9E58-41F2-B945-E365EC721855}.AppStore|iPhoneSimulator.Build.0 = AppStore|iPhoneSimulator
		{6A80B4D8-9E58-41F2-B945-E365EC721855}.AppStore|iPhoneSimulator.Deploy.0 = AppStore|iPhoneSimulator
		{6A80B4D8-9E58-41F2-B945-E365EC721855}.AppStore|x64.ActiveCfg = AppStore|iPhone
		{6A80B4D8-9E58-41F2-B945-E365EC721855}.AppStore|x64.Build.0 = AppStore|iPhone
		{6A80B4D8-9E58-41F2-B945-E365EC721855}.AppStore|x64.Deploy.0 = AppStore|iPhone
		{6A80B4D8-9E58-41F2-B945-E365EC721855}.AppStore|x86.ActiveCfg = AppStore|iPhone
		{6A80B4D8-9E58-41F2-B945-E365EC721855}.AppStore|x86.Build.0 = AppStore|iPhone
		{6A80B4D8-9E58-41F2-B945-E365EC721855}.AppStore|x86.Deploy.0 = AppStore|iPhone
		{6A80B4D8-9E58-41F2-B945-E365EC721855}.Debug|Any CPU.ActiveCfg = Debug|iPhoneSimulator
		{6A80B4D8-9E58-41F2-B945-E365EC721855}.Debug|Any CPU.Build.0 = Debug|iPhoneSimulator
		{6A80B4D8-9E58-41F2-B945-E365EC721855}.Debug|Any CPU.Deploy.0 = Debug|iPhoneSimulator
		{6A80B4D8-9E58-41F2-B945-E365EC721855}.Debug|ARM.ActiveCfg = Debug|iPhone
		{6A80B4D8-9E58-41F2-B945-E365EC721855}.Debug|ARM.Build.0 = Debug|iPhone
		{6A80B4D8-9E58-41F2-B945-E365EC721855}.Debug|ARM.Deploy.0 = Debug|iPhone
		{6A80B4D8-9E58-41F2-B945-E365EC721855}.Debug|iPhone.ActiveCfg = Debug|iPhone
		{6A80B4D8-9E58-41F2-B945-E365EC721855}.Debug|iPhone.Build.0 = Debug|iPhone
		{6A80B4D8-9E58-41F2-B945-E365EC721855}.Debug|iPhone.Deploy.0 = Debug|iPhone
		{6A80B4D8-9E58-41F2-B945-E365EC721855}.Debug|iPhoneSimulator.ActiveCfg = Debug|iPhoneSimulator
		{6A80B4D8-9E58-41F2-B945-E365EC721855}.Debug|iPhoneSimulator.Build.0 = Debug|iPhoneSimulator
		{6A80B4D8-9E58-41F2-B945-E365EC721855}.Debug|iPhoneSimulator.Deploy.0 = Debug|iPhoneSimulator
		{6A80B4D8-9E58-41F2-B945-E365EC721855}.Debug|x64.ActiveCfg = Debug|iPhone
		{6A80B4D8-9E58-41F2-B945-E365EC721855}.Debug|x64.Build.0 = Debug|iPhone
		{6A80B4D8-9E58-41F2-B945-E365EC721855}.Debug|x64.Deploy.0 = Debug|iPhone
		{6A80B4D8-9E58-41F2-B945-E365EC721855}.Debug|x86.ActiveCfg = Debug|iPhone
		{6A80B4D8-9E58-41F2-B945-E365EC721855}.Debug|x86.Build.0 = Debug|iPhone
		{6A80B4D8-9E58-41F2-B945-E365EC721855}.Debug|x86.Deploy.0 = Debug|iPhone
		{6A80B4D8-9E58-41F2-B945-E365EC721855}.Release|Any CPU.ActiveCfg = Release|iPhone
		{6A80B4D8-9E58-41F2-B945-E365EC721855}.Release|Any CPU.Build.0 = Release|iPhone
		{6A80B4D8-9E58-41F2-B945-E365EC721855}.Release|Any CPU.Deploy.0 = Release|iPhone
		{6A80B4D8-9E58-41F2-B945-E365EC721855}.Release|ARM.ActiveCfg = Release|iPhone
		{6A80B4D8-9E58-41F2-B945-E365EC721855}.Release|ARM.Build.0 = Release|iPhone
		{6A80B4D8-9E58-41F2-B945-E365EC721855}.Release|ARM.Deploy.0 = Release|iPhone
		{6A80B4D8-9E58-41F2-B945-E365EC721855}.Release|iPhone.ActiveCfg = Release|iPhone
		{6A80B4D8-9E58-41F2-B945-E365EC721855}.Release|iPhone.Build.0 = Release|iPhone
		{6A80B4D8-9E58-41F2-B945-E365EC721855}.Release|iPhone.Deploy.0 = Release|iPhone
		{6A80B4D8-9E58-41F2-B945-E365EC721855}.Release|iPhoneSimulator.ActiveCfg = Release|iPhoneSimulator
		{6A80B4D8-9E58-41F2-B945-E365EC721855}.Release|iPhoneSimulator.Build.0 = Release|iPhoneSimulator
		{6A80B4D8-9E58-41F2-B945-E365EC721855}.Release|iPhoneSimulator.Deploy.0 = Release|iPhoneSimulator
		{6A80B4D8-9E58-41F2-B945-E365EC721855}.Release|x64.ActiveCfg = Release|iPhone
		{6A80B4D8-9E58-41F2-B945-E365EC721855}.Release|x64.Build.0 = Release|iPhone
		{6A80B4D8-9E58-41F2-B945-E365EC721855}.Release|x64.Deploy.0 = Release|iPhone
		{6A80B4D8-9E58-41F2-B945-E365EC721855}.Release|x86.ActiveCfg = Release|iPhone
		{6A80B4D8-9E58-41F2-B945-E365EC721855}.Release|x86.Build.0 = Release|iPhone
		{6A80B4D8-9E58-41F2-B945-E365EC721855}.Release|x86.Deploy.0 = Release|iPhone
		{F22E3F15-B2F2-4A18-818B-DFD5F336EBBF}.Ad-Hoc|Any CPU.ActiveCfg = Release|x86
		{F22E3F15-B2F2-4A18-818B-DFD5F336EBBF}.Ad-Hoc|Any CPU.Build.0 = Release|x86
		{F22E3F15-B2F2-4A18-818B-DFD5F336EBBF}.Ad-Hoc|Any CPU.Deploy.0 = Release|x86
		{F22E3F15-B2F2-4A18-818B-DFD5F336EBBF}.Ad-Hoc|ARM.ActiveCfg = Release|ARM
		{F22E3F15-B2F2-4A18-818B-DFD5F336EBBF}.Ad-Hoc|ARM.Build.0 = Release|ARM
		{F22E3F15-B2F2-4A18-818B-DFD5F336EBBF}.Ad-Hoc|ARM.Deploy.0 = Release|ARM
		{F22E3F15-B2F2-4A18-818B-DFD5F336EBBF}.Ad-Hoc|iPhone.ActiveCfg = Release|x86
		{F22E3F15-B2F2-4A18-818B-DFD5F336EBBF}.Ad-Hoc|iPhone.Build.0 = Release|x86
		{F22E3F15-B2F2-4A18-818B-DFD5F336EBBF}.Ad-Hoc|iPhone.Deploy.0 = Release|x86
		{F22E3F15-B2F2-4A18-818B-DFD5F336EBBF}.Ad-Hoc|iPhoneSimulator.ActiveCfg = Release|x86
		{F22E3F15-B2F2-4A18-818B-DFD5F336EBBF}.Ad-Hoc|iPhoneSimulator.Build.0 = Release|x86
		{F22E3F15-B2F2-4A18-818B-DFD5F336EBBF}.Ad-Hoc|iPhoneSimulator.Deploy.0 = Release|x86
		{F22E3F15-B2F2-4A18-818B-DFD5F336EBBF}.Ad-Hoc|x64.ActiveCfg = Release|x64
		{F22E3F15-B2F2-4A18-818B-DFD5F336EBBF}.Ad-Hoc|x64.Build.0 = Release|x64
		{F22E3F15-B2F2-4A18-818B-DFD5F336EBBF}.Ad-Hoc|x64.Deploy.0 = Release|x64
		{F22E3F15-B2F2-4A18-818B-DFD5F336EBBF}.Ad-Hoc|x86.ActiveCfg = Release|x86
		{F22E3F15-B2F2-4A18-818B-DFD5F336EBBF}.Ad-Hoc|x86.Build.0 = Release|x86
		{F22E3F15-B2F2-4A18-818B-DFD5F336EBBF}.Ad-Hoc|x86.Deploy.0 = Release|x86
		{F22E3F15-B2F2-4A18-818B-DFD5F336EBBF}.AppStore|Any CPU.ActiveCfg = Release|x86
		{F22E3F15-B2F2-4A18-818B-DFD5F336EBBF}.AppStore|Any CPU.Build.0 = Release|x86
		{F22E3F15-B2F2-4A18-818B-DFD5F336EBBF}.AppStore|Any CPU.Deploy.0 = Release|x86
		{F22E3F15-B2F2-4A18-818B-DFD5F336EBBF}.AppStore|ARM.ActiveCfg = Release|ARM
		{F22E3F15-B2F2-4A18-818B-DFD5F336EBBF}.AppStore|ARM.Build.0 = Release|ARM
		{F22E3F15-B2F2-4A18-818B-DFD5F336EBBF}.AppStore|ARM.Deploy.0 = Release|ARM
		{F22E3F15-B2F2-4A18-818B-DFD5F336EBBF}.AppStore|iPhone.ActiveCfg = Release|x86
		{F22E3F15-B2F2-4A18-818B-DFD5F336EBBF}.AppStore|iPhone.Build.0 = Release|x86
		{F22E3F15-B2F2-4A18-818B-DFD5F336EBBF}.AppStore|iPhone.Deploy.0 = Release|x86
		{F22E3F15-B2F2-4A18-818B-DFD5F336EBBF}.AppStore|iPhoneSimulator.ActiveCfg = Release|x86
		{F22E3F15-B2F2-4A18-818B-DFD5F336EBBF}.AppStore|iPhoneSimulator.Build.0 = Release|x86
		{F22E3F15-B2F2-4A18-818B-DFD5F336EBBF}.AppStore|iPhoneSimulator.Deploy.0 = Release|x86
		{F22E3F15-B2F2-4A18-818B-DFD5F336EBBF}.AppStore|x64.ActiveCfg = Release|x64
		{F22E3F15-B2F2-4A18-818B-DFD5F336EBBF}.AppStore|x64.Build.0 = Release|x64
		{F22E3F15-B2F2-4A18-818B-DFD5F336EBBF}.AppStore|x64.Deploy.0 = Release|x64
		{F22E3F15-B2F2-4A18-818B-DFD5F336EBBF}.AppStore|x86.ActiveCfg = Release|x86
		{F22E3F15-B2F2-4A18-818B-DFD5F336EBBF}.AppStore|x86.Build.0 = Release|x86
		{F22E3F15-B2F2-4A18-818B-DFD5F336EBBF}.AppStore|x86.Deploy.0 = Release|x86
		{F22E3F15-B2F2-4A18-818B-DFD5F336EBBF}.Debug|Any CPU.ActiveCfg = Debug|x86
		{F22E3F15-B2F2-4A18-818B-DFD5F336EBBF}.Debug|Any CPU.Build.0 = Debug|x86
		{F22E3F15-B2F2-4A18-818B-DFD5F336EBBF}.Debug|Any CPU.Deploy.0 = Debug|x86
		{F22E3F15-B2F2-4A18-818B-DFD5F336EBBF}.Debug|ARM.ActiveCfg = Debug|ARM
		{F22E3F15-B2F2-4A18-818B-DFD5F336EBBF}.Debug|ARM.Build.0 = Debug|ARM
		{F22E3F15-B2F2-4A18-818B-DFD5F336EBBF}.Debug|ARM.Deploy.0 = Debug|ARM
		{F22E3F15-B2F2-4A18-818B-DFD5F336EBBF}.Debug|iPhone.ActiveCfg = Debug|x86
		{F22E3F15-B2F2-4A18-818B-DFD5F336EBBF}.Debug|iPhone.Build.0 = Debug|x86
		{F22E3F15-B2F2-4A18-818B-DFD5F336EBBF}.Debug|iPhone.Deploy.0 = Debug|x86
		{F22E3F15-B2F2-4A18-818B-DFD5F336EBBF}.Debug|iPhoneSimulator.ActiveCfg = Debug|x86
		{F22E3F15-B2F2-4A18-818B-DFD5F336EBBF}.Debug|iPhoneSimulator.Build.0 = Debug|x86
		{F22E3F15-B2F2-4A18-818B-DFD5F336EBBF}.Debug|iPhoneSimulator.Deploy.0 = Debug|x86
		{F22E3F15-B2F2-4A18-818B-DFD5F336EBBF}.Debug|x64.ActiveCfg = Debug|x64
		{F22E3F15-B2F2-4A18-818B-DFD5F336EBBF}.Debug|x64.Build.0 = Debug|x64
		{F22E3F15-B2F2-4A18-818B-DFD5F336EBBF}.Debug|x64.Deploy.0 = Debug|x64
		{F22E3F15-B2F2-4A18-818B-DFD5F336EBBF}.Debug|x86.ActiveCfg = Debug|x86
		{F22E3F15-B2F2-4A18-818B-DFD5F336EBBF}.Debug|x86.Build.0 = Debug|x86
		{F22E3F15-B2F2-4A18-818B-DFD5F336EBBF}.Debug|x86.Deploy.0 = Debug|x86
		{F22E3F15-B2F2-4A18-818B-DFD5F336EBBF}.Release|Any CPU.ActiveCfg = Release|x86
		{F22E3F15-B2F2-4A18-818B-DFD5F336EBBF}.Release|Any CPU.Build.0 = Release|x86
		{F22E3F15-B2F2-4A18-818B-DFD5F336EBBF}.Release|Any CPU.Deploy.0 = Release|x86
		{F22E3F15-B2F2-4A18-818B-DFD5F336EBBF}.Release|ARM.ActiveCfg = Release|ARM
		{F22E3F15-B2F2-4A18-818B-DFD5F336EBBF}.Release|ARM.Build.0 = Release|ARM
		{F22E3F15-B2F2-4A18-818B-DFD5F336EBBF}.Release|ARM.Deploy.0 = Release|ARM
		{F22E3F15-B2F2-4A18-818B-DFD5F336EBBF}.Release|iPhone.ActiveCfg = Release|x86
		{F22E3F15-B2F2-4A18-818B-DFD5F336EBBF}.Release|iPhone.Build.0 = Release|x86
		{F22E3F15-B2F2-4A18-818B-DFD5F336EBBF}.Release|iPhone.Deploy.0 = Release|x86
		{F22E3F15-B2F2-4A18-818B-DFD5F336EBBF}.Release|iPhoneSimulator.ActiveCfg = Release|x86
		{F22E3F15-B2F2-4A18-818B-DFD5F336EBBF}.Release|iPhoneSimulator.Build.0 = Release|x86
		{F22E3F15-B2F2-4A18-818B-DFD5F336EBBF}.Release|iPhoneSimulator.Deploy.0 = Release|x86
		{F22E3F15-B2F2-4A18-818B-DFD5F336EBBF}.Release|x64.ActiveCfg = Release|x64
		{F22E3F15-B2F2-4A18-818B-DFD5F336EBBF}.Release|x64.Build.0 = Release|x64
		{F22E3F15-B2F2-4A18-818B-DFD5F336EBBF}.Release|x64.Deploy.0 = Release|x64
		{F22E3F15-B2F2-4A18-818B-DFD5F336EBBF}.Release|x86.ActiveCfg = Release|x86
		{F22E3F15-B2F2-4A18-818B-DFD5F336EBBF}.Release|x86.Build.0 = Release|x86
		{F22E3F15-B2F2-4A18-818B-DFD5F336EBBF}.Release|x86.Deploy.0 = Release|x86
		{2DBD2E82-9731-4057-B207-9E50DDC9F8A2}.Ad-Hoc|Any CPU.ActiveCfg = Debug|Any CPU
		{2DBD2E82-9731-4057-B207-9E50DDC9F8A2}.Ad-Hoc|Any CPU.Build.0 = Debug|Any CPU
		{2DBD2E82-9731-4057-B207-9E50DDC9F8A2}.Ad-Hoc|Any CPU.Deploy.0 = Debug|Any CPU
		{2DBD2E82-9731-4057-B207-9E50DDC9F8A2}.Ad-Hoc|ARM.ActiveCfg = Debug|Any CPU
		{2DBD2E82-9731-4057-B207-9E50DDC9F8A2}.Ad-Hoc|ARM.Build.0 = Debug|Any CPU
		{2DBD2E82-9731-4057-B207-9E50DDC9F8A2}.Ad-Hoc|ARM.Deploy.0 = Debug|Any CPU
		{2DBD2E82-9731-4057-B207-9E50DDC9F8A2}.Ad-Hoc|iPhone.ActiveCfg = Debug|Any CPU
		{2DBD2E82-9731-4057-B207-9E50DDC9F8A2}.Ad-Hoc|iPhone.Build.0 = Debug|Any CPU
		{2DBD2E82-9731-4057-B207-9E50DDC9F8A2}.Ad-Hoc|iPhone.Deploy.0 = Debug|Any CPU
		{2DBD2E82-9731-4057-B207-9E50DDC9F8A2}.Ad-Hoc|iPhoneSimulator.ActiveCfg = Debug|Any CPU
		{2DBD2E82-9731-4057-B207-9E50DDC9F8A2}.Ad-Hoc|iPhoneSimulator.Build.0 = Debug|Any CPU
		{2DBD2E82-9731-4057-B207-9E50DDC9F8A2}.Ad-Hoc|iPhoneSimulator.Deploy.0 = Debug|Any CPU
		{2DBD2E82-9731-4057-B207-9E50DDC9F8A2}.Ad-Hoc|x64.ActiveCfg = Debug|Any CPU
		{2DBD2E82-9731-4057-B207-9E50DDC9F8A2}.Ad-Hoc|x64.Build.0 = Debug|Any CPU
		{2DBD2E82-9731-4057-B207-9E50DDC9F8A2}.Ad-Hoc|x64.Deploy.0 = Debug|Any CPU
		{2DBD2E82-9731-4057-B207-9E50DDC9F8A2}.Ad-Hoc|x86.ActiveCfg = Debug|Any CPU
		{2DBD2E82-9731-4057-B207-9E50DDC9F8A2}.Ad-Hoc|x86.Build.0 = Debug|Any CPU
		{2DBD2E82-9731-4057-B207-9E50DDC9F8A2}.Ad-Hoc|x86.Deploy.0 = Debug|Any CPU
		{2DBD2E82-9731-4057-B207-9E50DDC9F8A2}.AppStore|Any CPU.ActiveCfg = Debug|Any CPU
		{2DBD2E82-9731-4057-B207-9E50DDC9F8A2}.AppStore|Any CPU.Build.0 = Debug|Any CPU
		{2DBD2E82-9731-4057-B207-9E50DDC9F8A2}.AppStore|Any CPU.Deploy.0 = Debug|Any CPU
		{2DBD2E82-9731-4057-B207-9E50DDC9F8A2}.AppStore|ARM.ActiveCfg = Debug|Any CPU
		{2DBD2E82-9731-4057-B207-9E50DDC9F8A2}.AppStore|ARM.Build.0 = Debug|Any CPU
		{2DBD2E82-9731-4057-B207-9E50DDC9F8A2}.AppStore|ARM.Deploy.0 = Debug|Any CPU
		{2DBD2E82-9731-4057-B207-9E50DDC9F8A2}.AppStore|iPhone.ActiveCfg = Debug|Any CPU
		{2DBD2E82-9731-4057-B207-9E50DDC9F8A2}.AppStore|iPhone.Build.0 = Debug|Any CPU
		{2DBD2E82-9731-4057-B207-9E50DDC9F8A2}.AppStore|iPhone.Deploy.0 = Debug|Any CPU
		{2DBD2E82-9731-4057-B207-9E50DDC9F8A2}.AppStore|iPhoneSimulator.ActiveCfg = Debug|Any CPU
		{2DBD2E82-9731-4057-B207-9E50DDC9F8A2}.AppStore|iPhoneSimulator.Build.0 = Debug|Any CPU
		{2DBD2E82-9731-4057-B207-9E50DDC9F8A2}.AppStore|iPhoneSimulator.Deploy.0 = Debug|Any CPU
		{2DBD2E82-9731-4057-B207-9E50DDC9F8A2}.AppStore|x64.ActiveCfg = Debug|Any CPU
		{2DBD2E82-9731-4057-B207-9E50DDC9F8A2}.AppStore|x64.Build.0 = Debug|Any CPU
		{2DBD2E82-9731-4057-B207-9E50DDC9F8A2}.AppStore|x64.Deploy.0 = Debug|Any CPU
		{2DBD2E82-9731-4057-B207-9E50DDC9F8A2}.AppStore|x86.ActiveCfg = Debug|Any CPU
		{2DBD2E82-9731-4057-B207-9E50DDC9F8A2}.AppStore|x86.Build.0 = Debug|Any CPU
		{2DBD2E82-9731-4057-B207-9E50DDC9F8A2}.AppStore|x86.Deploy.0 = Debug|Any CPU
		{2DBD2E82-9731-4057-B207-9E50DDC9F8A2}.Debug|Any CPU.ActiveCfg = Debug|Any CPU
		{2DBD2E82-9731-4057-B207-9E50DDC9F8A2}.Debug|Any CPU.Build.0 = Debug|Any CPU
		{2DBD2E82-9731-4057-B207-9E50DDC9F8A2}.Debug|Any CPU.Deploy.0 = Debug|Any CPU
		{2DBD2E82-9731-4057-B207-9E50DDC9F8A2}.Debug|ARM.ActiveCfg = Debug|Any CPU
		{2DBD2E82-9731-4057-B207-9E50DDC9F8A2}.Debug|ARM.Build.0 = Debug|Any CPU
		{2DBD2E82-9731-4057-B207-9E50DDC9F8A2}.Debug|ARM.Deploy.0 = Debug|Any CPU
		{2DBD2E82-9731-4057-B207-9E50DDC9F8A2}.Debug|iPhone.ActiveCfg = Debug|Any CPU
		{2DBD2E82-9731-4057-B207-9E50DDC9F8A2}.Debug|iPhone.Build.0 = Debug|Any CPU
		{2DBD2E82-9731-4057-B207-9E50DDC9F8A2}.Debug|iPhone.Deploy.0 = Debug|Any CPU
		{2DBD2E82-9731-4057-B207-9E50DDC9F8A2}.Debug|iPhoneSimulator.ActiveCfg = Debug|Any CPU
		{2DBD2E82-9731-4057-B207-9E50DDC9F8A2}.Debug|iPhoneSimulator.Build.0 = Debug|Any CPU
		{2DBD2E82-9731-4057-B207-9E50DDC9F8A2}.Debug|iPhoneSimulator.Deploy.0 = Debug|Any CPU
		{2DBD2E82-9731-4057-B207-9E50DDC9F8A2}.Debug|x64.ActiveCfg = Debug|Any CPU
		{2DBD2E82-9731-4057-B207-9E50DDC9F8A2}.Debug|x64.Build.0 = Debug|Any CPU
		{2DBD2E82-9731-4057-B207-9E50DDC9F8A2}.Debug|x64.Deploy.0 = Debug|Any CPU
		{2DBD2E82-9731-4057-B207-9E50DDC9F8A2}.Debug|x86.ActiveCfg = Debug|Any CPU
		{2DBD2E82-9731-4057-B207-9E50DDC9F8A2}.Debug|x86.Build.0 = Debug|Any CPU
		{2DBD2E82-9731-4057-B207-9E50DDC9F8A2}.Debug|x86.Deploy.0 = Debug|Any CPU
		{2DBD2E82-9731-4057-B207-9E50DDC9F8A2}.Release|Any CPU.ActiveCfg = Release|Any CPU
		{2DBD2E82-9731-4057-B207-9E50DDC9F8A2}.Release|Any CPU.Build.0 = Release|Any CPU
		{2DBD2E82-9731-4057-B207-9E50DDC9F8A2}.Release|Any CPU.Deploy.0 = Release|Any CPU
		{2DBD2E82-9731-4057-B207-9E50DDC9F8A2}.Release|ARM.ActiveCfg = Release|Any CPU
		{2DBD2E82-9731-4057-B207-9E50DDC9F8A2}.Release|ARM.Build.0 = Release|Any CPU
		{2DBD2E82-9731-4057-B207-9E50DDC9F8A2}.Release|ARM.Deploy.0 = Release|Any CPU
		{2DBD2E82-9731-4057-B207-9E50DDC9F8A2}.Release|iPhone.ActiveCfg = Release|Any CPU
		{2DBD2E82-9731-4057-B207-9E50DDC9F8A2}.Release|iPhone.Build.0 = Release|Any CPU
		{2DBD2E82-9731-4057-B207-9E50DDC9F8A2}.Release|iPhone.Deploy.0 = Release|Any CPU
		{2DBD2E82-9731-4057-B207-9E50DDC9F8A2}.Release|iPhoneSimulator.ActiveCfg = Release|Any CPU
		{2DBD2E82-9731-4057-B207-9E50DDC9F8A2}.Release|iPhoneSimulator.Build.0 = Release|Any CPU
		{2DBD2E82-9731-4057-B207-9E50DDC9F8A2}.Release|iPhoneSimulator.Deploy.0 = Release|Any CPU
		{2DBD2E82-9731-4057-B207-9E50DDC9F8A2}.Release|x64.ActiveCfg = Release|Any CPU
		{2DBD2E82-9731-4057-B207-9E50DDC9F8A2}.Release|x64.Build.0 = Release|Any CPU
		{2DBD2E82-9731-4057-B207-9E50DDC9F8A2}.Release|x64.Deploy.0 = Release|Any CPU
		{2DBD2E82-9731-4057-B207-9E50DDC9F8A2}.Release|x86.ActiveCfg = Release|Any CPU
		{2DBD2E82-9731-4057-B207-9E50DDC9F8A2}.Release|x86.Build.0 = Release|Any CPU
		{2DBD2E82-9731-4057-B207-9E50DDC9F8A2}.Release|x86.Deploy.0 = Release|Any CPU
	EndGlobalSection
	GlobalSection(SolutionProperties) = preSolution
		HideSolutionNode = FALSE
	EndGlobalSection
	GlobalSection(ExtensibilityGlobals) = postSolution
		SolutionGuid = {8F3DF6F2-DB18-401F-8273-9290BE4FE476}
	EndGlobalSection
EndGlobal
